
Microsoft Visual Studio Solution File, Format Version 12.00
# Visual Studio Version 17
VisualStudioVersion = 17.8.34511.84
MinimumVisualStudioVersion = 10.0.40219.1
Project("{FAE04EC0-301F-11D3-BF4B-00C04F79EFBC}") = "InventoryMgmt", "InventoryMgmt\InventoryMgmt.csproj", "{7A518984-60BE-4FBB-9133-76528ECC904E}"
EndProject
Global
	GlobalSection(SolutionConfigurationPlatforms) = preSolution
		Debug|Any CPU = Debug|Any CPU
		Release|Any CPU = Release|Any CPU
	EndGlobalSection
	GlobalSection(ProjectConfigurationPlatforms) = postSolution
		{7A518984-60BE-4FBB-9133-76528ECC904E}.Debug|Any CPU.ActiveCfg = Debug|Any CPU
		{7A518984-60BE-4FBB-9133-76528ECC904E}.Debug|Any CPU.Build.0 = Debug|Any CPU
		{7A518984-60BE-4FBB-9133-76528ECC904E}.Release|Any CPU.ActiveCfg = Release|Any CPU
		{7A518984-60BE-4FBB-9133-76528ECC904E}.Release|Any CPU.Build.0 = Release|Any CPU
	EndGlobalSection
	GlobalSection(SolutionProperties) = preSolution
		HideSolutionNode = FALSE
	EndGlobalSection
	GlobalSection(ExtensibilityGlobals) = postSolution
		SolutionGuid = {7BEE836D-99A5-4671-9251-8FDDD5A0D08C}
	EndGlobalSection
EndGlobal
